
Microsoft Visual Studio Solution File, Format Version 12.00
# Visual Studio Version 16
VisualStudioVersion = 16.0.31424.327
MinimumVisualStudioVersion = 10.0.40219.1
Project("{FAE04EC0-301F-11D3-BF4B-00C04F79EFBC}") = "Stock", "Stock.csproj", "{753C2B71-E0C8-4DC7-B8A6-2C09D77134DC}"
EndProject
Global
	GlobalSection(SolutionConfigurationPlatforms) = preSolution
		Debug|Any CPU = Debug|Any CPU
		Release|Any CPU = Release|Any CPU
	EndGlobalSection
	GlobalSection(ProjectConfigurationPlatforms) = postSolution
		{753C2B71-E0C8-4DC7-B8A6-2C09D77134DC}.Debug|Any CPU.ActiveCfg = Debug|Any CPU
		{753C2B71-E0C8-4DC7-B8A6-2C09D77134DC}.Debug|Any CPU.Build.0 = Debug|Any CPU
		{753C2B71-E0C8-4DC7-B8A6-2C09D77134DC}.Release|Any CPU.ActiveCfg = Release|Any CPU
		{753C2B71-E0C8-4DC7-B8A6-2C09D77134DC}.Release|Any CPU.Build.0 = Release|Any CPU
	EndGlobalSection
	GlobalSection(SolutionProperties) = preSolution
		HideSolutionNode = FALSE
	EndGlobalSection
	GlobalSection(ExtensibilityGlobals) = postSolution
		SolutionGuid = {4AAB2A65-01FA-40C0-995E-1A63CAF8D915}
	EndGlobalSection
EndGlobal
